
Microsoft Visual Studio Solution File, Format Version 12.00
# Visual Studio Version 17
VisualStudioVersion = 17.5.33424.131
MinimumVisualStudioVersion = 10.0.40219.1
Project("{FAE04EC0-301F-11D3-BF4B-00C04F79EFBC}") = "ejercicio5", "..\..\Capitulo8y9\Capitulo8\ejercicio5\ejercicio5\ejercicio5.csproj", "{D38FFC50-9D24-4215-8701-5C36022C3C86}"
EndProject
Global
	GlobalSection(SolutionConfigurationPlatforms) = preSolution
		Debug|Any CPU = Debug|Any CPU
		Release|Any CPU = Release|Any CPU
	EndGlobalSection
	GlobalSection(ProjectConfigurationPlatforms) = postSolution
		{D38FFC50-9D24-4215-8701-5C36022C3C86}.Debug|Any CPU.ActiveCfg = Debug|Any CPU
		{D38FFC50-9D24-4215-8701-5C36022C3C86}.Debug|Any CPU.Build.0 = Debug|Any CPU
		{D38FFC50-9D24-4215-8701-5C36022C3C86}.Release|Any CPU.ActiveCfg = Release|Any CPU
		{D38FFC50-9D24-4215-8701-5C36022C3C86}.Release|Any CPU.Build.0 = Release|Any CPU
	EndGlobalSection
	GlobalSection(SolutionProperties) = preSolution
		HideSolutionNode = FALSE
	EndGlobalSection
	GlobalSection(ExtensibilityGlobals) = postSolution
		SolutionGuid = {26CD49DC-45C6-432A-A804-3C438AACCAAB}
	EndGlobalSection
EndGlobal
